{
  "name": "sprint1",
  "version": "1.0.0",
  "lockfileVersion": 1,
  "requires": true,
  "dependencies": {
    "ansi-regex": {
      "version": "4.1.0",
      "resolved": "https://registry.npmjs.org/ansi-regex/-/ansi-regex-4.1.0.tgz",
      "integrity": "sha512-1apePfXM1UOSqw0o9IiFAovVz9M5S1Dg+4TrDwfMewQ6p/rmMueb7tWZjQ1rx4Loy1ArBggoqGpfqqdI4rondg=="
    },
    "crc": {
      "version": "4.1.0",
      "resolved": "https://registry.npmjs.org/crc/-/crc-4.1.0.tgz",
      "integrity": "sha512-xl6/PgOWZCDOA9mnytKzg2ftRS2YT/SUnNPPiCMoD6KWuiJayRjHcaLmBzGWNZGHSXDSrDuLNUEIljLRMbn7vA=="
    },
    "crc-32": {
      "version": "1.2.1",
      "resolved": "https://registry.npmjs.org/crc-32/-/crc-32-1.2.1.tgz",
      "integrity": "sha512-Dn/xm/1vFFgs3nfrpEVScHoIslO9NZRITWGz/1E/St6u4xw99vfZzVkW0OSnzx2h9egej9xwMCEut6sqwokM/w==",
      "requires": {
        "exit-on-epipe": "~1.0.1",
        "printj": "~1.3.1"
      }
    },
    "events": {
      "version": "3.3.0",
      "resolved": "https://registry.npmjs.org/events/-/events-3.3.0.tgz",
      "integrity": "sha512-mQw+2fkQbALzQ7V0MY0IqdnXNOeTtP4r0lN9z7AAawCXgqea7bDii20AYrIBrFd/Hx0M2Ocz6S111CaFkUcb0Q=="
    },
    "exit-on-epipe": {
      "version": "1.0.1",
      "resolved": "https://registry.npmjs.org/exit-on-epipe/-/exit-on-epipe-1.0.1.tgz",
      "integrity": "sha512-h2z5mrROTxce56S+pnvAV890uu7ls7f1kEvVGJbw1OlFH3/mlJ5bkXu0KRyW94v37zzHPiUd55iLn3DA7TjWpw=="
    },
    "js-sorted-set": {
      "version": "0.7.0",
      "resolved": "https://registry.npmjs.org/js-sorted-set/-/js-sorted-set-0.7.0.tgz",
      "integrity": "sha512-NGTSMeoLNYR2BoTLhQ6w+u7Ox4PO34omb/0OBCy4gyedWeXolMGv948Ato0/Of6tfxsAjeySDymCkAj93/xkeA=="
    },
    "printj": {
      "version": "1.3.1",
      "resolved": "https://registry.npmjs.org/printj/-/printj-1.3.1.tgz",
      "integrity": "sha512-GA3TdL8szPK4AQ2YnOe/b+Y1jUFwmmGMMK/qbY7VcE3Z7FU8JstbKiKRzO6CIiAKPhTO8m01NoQ0V5f3jc4OGg=="
    },
    "prompt-sync": {
      "version": "4.2.0",
      "resolved": "https://registry.npmjs.org/prompt-sync/-/prompt-sync-4.2.0.tgz",
      "integrity": "sha512-BuEzzc5zptP5LsgV5MZETjDaKSWfchl5U9Luiu8SKp7iZWD5tZalOxvNcZRwv+d2phNFr8xlbxmFNcRKfJOzJw==",
      "requires": {
        "strip-ansi": "^5.0.0"
      }
    },
    "sorted-set": {
      "version": "0.3.0",
      "resolved": "https://registry.npmjs.org/sorted-set/-/sorted-set-0.3.0.tgz",
      "integrity": "sha1-POAVeFtkdPH6A6HGn/8ymFL8N+M="
    },
    "strip-ansi": {
      "version": "5.2.0",
      "resolved": "https://registry.npmjs.org/strip-ansi/-/strip-ansi-5.2.0.tgz",
      "integrity": "sha512-DuRs1gKbBqsMKIZlrffwlug8MHkcnpjs5VPmL1PAh+mA30U0DTotfDZ0d2UUsXpPmPmMMJ6W773MaA3J+lbiWA==",
      "requires": {
        "ansi-regex": "^4.1.0"
      }
    }
  }
}
